// !$*UTF8*$!
{
	archiveVersion = 1;
	classes = {
	};
	objectVersion = 46;
	objects = {

/* Begin PBXBuildFile section */
		338C64F61D052D500037B5FC /* AppDelegate.swift in Sources */ = {isa = PBXBuildFile; fileRef = 338C64F51D052D500037B5FC /* AppDelegate.swift */; };
		338C64F81D052D500037B5FC /* ViewController.swift in Sources */ = {isa = PBXBuildFile; fileRef = 338C64F71D052D500037B5FC /* ViewController.swift */; };
		338C64FB1D052D500037B5FC /* Main.storyboard in Resources */ = {isa = PBXBuildFile; fileRef = 338C64F91D052D500037B5FC /* Main.storyboard */; };
		338C64FD1D052D500037B5FC /* Assets.xcassets in Resources */ = {isa = PBXBuildFile; fileRef = 338C64FC1D052D500037B5FC /* Assets.xcassets */; };
		338C65001D052D500037B5FC /* LaunchScreen.storyboard in Resources */ = {isa = PBXBuildFile; fileRef = 338C64FE1D052D500037B5FC /* LaunchScreen.storyboard */; };
		338C65091D05523A0037B5FC /* image.jpg in Resources */ = {isa = PBXBuildFile; fileRef = 338C65081D05523A0037B5FC /* image.jpg */; };
		338C650A1D0553570037B5FC /* xcodevideo.mp4 in Resources */ = {isa = PBXBuildFile; fileRef = 338C65071D052D610037B5FC /* xcodevideo.mp4 */; };
/* End PBXBuildFile section */

/* Begin PBXFileReference section */
		338C64F21D052D500037B5FC /* VideoPlayer-swift.app */ = {isa = PBXFileReference; explicitFileType = wrapper.application; includeInIndex = 0; path = "VideoPlayer-swift.app"; sourceTree = BUILT_PRODUCTS_DIR; };
		338C64F51D052D500037B5FC /* AppDelegate.swift */ = {isa = PBXFileReference; lastKnownFileType = sourcecode.swift; path = AppDelegate.swift; sourceTree = "<group>"; };
		338C64F71D052D500037B5FC /* ViewController.swift */ = {isa = PBXFileReference; lastKnownFileType = sourcecode.swift; path = ViewController.swift; sourceTree = "<group>"; };
		338C64FA1D052D500037B5FC /* Base */ = {isa = PBXFileReference; lastKnownFileType = file.storyboard; name = Base; path = Base.lproj/Main.storyboard; sourceTree = "<group>"; };
		338C64FC1D052D500037B5FC /* Assets.xcassets */ = {isa = PBXFileReference; lastKnownFileType = folder.assetcatalog; path = Assets.xcassets; sourceTree = "<group>"; };
		338C64FF1D052D500037B5FC /* Base */ = {isa = PBXFileReference; lastKnownFileType = file.storyboard; name = Base; path = Base.lproj/LaunchScreen.storyboard; sourceTree = "<group>"; };
		338C65011D052D500037B5FC /* Info.plist */ = {isa = PBXFileReference; lastKnownFileType = text.plist.xml; path = Info.plist; sourceTree = "<group>"; };
		338C65071D052D610037B5FC /* xcodevideo.mp4 */ = {isa = PBXFileReference; lastKnownFileType = file; path = xcodevideo.mp4; sourceTree = "<group>"; };
		338C65081D05523A0037B5FC /* image.jpg */ = {isa = PBXFileReference; lastKnownFileType = image.jpeg; path = image.jpg; sourceTree = "<group>"; };
/* End PBXFileReference section */

/* Begin PBXFrameworksBuildPhase section */
		338C64EF1D052D500037B5FC /* Frameworks */ = {
			isa = PBXFrameworksBuildPhase;
			buildActionMask = 2147483647;
			files = (
			);
			runOnlyForDeploymentPostprocessing = 0;
		};
/* End PBXFrameworksBuildPhase section */

/* Begin PBXGroup section */
		338C64E91D052D500037B5FC = {
			isa = PBXGroup;
			children = (
				338C64F41D052D500037B5FC /* VideoPlayer-swift */,
				338C64F31D052D500037B5FC /* Products */,
			);
			sourceTree = "<group>";
		};
		338C64F31D052D500037B5FC /* Products */ = {
			isa = PBXGroup;
			children = (
				338C64F21D052D500037B5FC /* VideoPlayer-swift.app */,
			);
			name = Products;
			sourceTree = "<group>";
		};
		338C64F41D052D500037B5FC /* VideoPlayer-swift */ = {
			isa = PBXGroup;
			children = (
				338C65081D05523A0037B5FC /* image.jpg */,
				338C65071D052D610037B5FC /* xcodevideo.mp4 */,
				338C64F51D052D500037B5FC /* AppDelegate.swift */,
				338C64F71D052D500037B5FC /* ViewController.swift */,
				338C64F91D052D500037B5FC /* Main.storyboard */,
				338C64FC1D052D500037B5FC /* Assets.xcassets */,
				338C64FE1D052D500037B5FC /* LaunchScreen.storyboard */,
				338C65011D052D500037B5FC /* Info.plist */,
			);
			path = "VideoPlayer-swift";
			sourceTree = "<group>";
		};
/* End PBXGroup section */

/* Begin PBXNativeTarget section */
		338C64F11D052D500037B5FC /* VideoPlayer-swift */ = {
			isa = PBXNativeTarget;
			buildConfigurationList = 338C65041D052D500037B5FC /* Build configuration list for PBXNativeTarget "VideoPlayer-swift" */;
			buildPhases = (
				338C64EE1D052D500037B5FC /* Sources */,
				338C64EF1D052D500037B5FC /* Frameworks */,
				338C64F01D052D500037B5FC /* Resources */,
			);
			buildRules = (
			);
			dependencies = (
			);
			name = "VideoPlayer-swift";
			productName = "VideoPlayer-swift";
			productReference = 338C64F21D052D500037B5FC /* VideoPlayer-swift.app */;
			productType = "com.apple.product-type.application";
		};
/* End PBXNativeTarget section */

/* Begin PBXProject section */
		338C64EA1D052D500037B5FC /* Project object */ = {
			isa = PBXProject;
			attributes = {
				LastSwiftUpdateCheck = 0730;
				LastUpgradeCheck = 0730;
				ORGANIZATIONNAME = "Han Chen";
				TargetAttributes = {
					338C64F11D052D500037B5FC = {
						CreatedOnToolsVersion = 7.3.1;
					};
				};
			};
			buildConfigurationList = 338C64ED1D052D500037B5FC /* Build configuration list for PBXProject "VideoPlayer-swift" */;
			compatibilityVersion = "Xcode 3.2";
			developmentRegion = English;
			hasScannedForEncodings = 0;
			knownRegions = (
				en,
				Base,
			);
			mainGroup = 338C64E91D052D500037B5FC;
			productRefGroup = 338C64F31D052D500037B5FC /* Products */;
			projectDirPath = "";
			projectRoot = "";
			targets = (
				338C64F11D052D500037B5FC /* VideoPlayer-swift */,
			);
		};
/* End PBXProject section */

/* Begin PBXResourcesBuildPhase section */
		338C64F01D052D500037B5FC /* Resources */ = {
			isa = PBXResourcesBuildPhase;
			buildActionMask = 2147483647;
			files = (
				338C650A1D0553570037B5FC /* xcodevideo.mp4 in Resources */,
				338C65091D05523A0037B5FC /* image.jpg in Resources */,
				338C65001D052D500037B5FC /* LaunchScreen.storyboard in Resources */,
				338C64FD1D052D500037B5FC /* Assets.xcassets in Resources */,
				338C64FB1D052D500037B5FC /* Main.storyboard in Resources */,
			);
			runOnlyForDeploymentPostprocessing = 0;
		};
/* End PBXResourcesBuildPhase section */

/* Begin PBXSourcesBuildPhase section */
		338C64EE1D052D500037B5FC /* Sources */ = {
			isa = PBXSourcesBuildPhase;
			buildActionMask = 2147483647;
			files = (
				338C64F81D052D500037B5FC /* ViewController.swift in Sources */,
				338C64F61D052D500037B5FC /* AppDelegate.swift in Sources */,
			);
			runOnlyForDeploymentPostprocessing = 0;
		};
/* End PBXSourcesBuildPhase section */

/* Begin PBXVariantGroup section */
		338C64F91D052D500037B5FC /* Main.storyboard */ = {
			isa = PBXVariantGroup;
			children = (
				338C64FA1D052D500037B5FC /* Base */,
			);
			name = Main.storyboard;
			sourceTree = "<group>";
		};
		338C64FE1D052D500037B5FC /* LaunchScreen.storyboard */ = {
			isa = PBXVariantGroup;
			children = (
				338C64FF1D052D500037B5FC /* Base */,
			);
			name = LaunchScreen.storyboard;
			sourceTree = "<group>";
		};
/* End PBXVariantGroup section */

/* Begin XCBuildConfiguration section */
		338C65021D052D500037B5FC /* Debug */ = {
			isa = XCBuildConfiguration;
			buildSettings = {
				ALWAYS_SEARCH_USER_PATHS = NO;
				CLANG_ANALYZER_NONNULL = YES;
				CLANG_CXX_LANGUAGE_STANDARD = "gnu++0x";
				CLANG_CXX_LIBRARY = "libc++";
				CLANG_ENABLE_MODULES = YES;
				CLANG_ENABLE_OBJC_ARC = YES;
				CLANG_WARN_BOOL_CONVERSION = YES;
				CLANG_WARN_CONSTANT_CONVERSION = YES;
				CLANG_WARN_DIRECT_OBJC_ISA_USAGE = YES_ERROR;
				CLANG_WARN_EMPTY_BODY = YES;
				CLANG_WARN_ENUM_CONVERSION = YES;
				CLANG_WARN_INT_CONVERSION = YES;
				CLANG_WARN_OBJC_ROOT_CLASS = YES_ERROR;
				CLANG_WARN_UNREACHABLE_CODE = YES;
				CLANG_WARN__DUPLICATE_METHOD_MATCH = YES;
				"CODE_SIGN_IDENTITY[sdk=iphoneos*]" = "iPhone Developer";
				COPY_PHASE_STRIP = NO;
				DEBUG_INFORMATION_FORMAT = dwarf;
				ENABLE_STRICT_OBJC_MSGSEND = YES;
				ENABLE_TESTABILITY = YES;
				GCC_C_LANGUAGE_STANDARD = gnu99;
				GCC_DYNAMIC_NO_PIC = NO;
				GCC_NO_COMMON_BLOCKS = YES;
				GCC_OPTIMIZATION_LEVEL = 0;
				GCC_PREPROCESSOR_DEFINITIONS = (
					"DEBUG=1",
					"$(inherited)",
				);
				GCC_WARN_64_TO_32_BIT_CONVERSION = YES;
				GCC_WARN_ABOUT_RETURN_TYPE = YES_ERROR;
				GCC_WARN_UNDECLARED_SELECTOR = YES;
				GCC_WARN_UNINITIALIZED_AUTOS = YES_AGGRESSIVE;
				GCC_WARN_UNUSED_FUNCTION = YES;
				GCC_WARN_UNUSED_VARIABLE = YES;
				IPHONEOS_DEPLOYMENT_TARGET = 9.3;
				MTL_ENABLE_DEBUG_INFO = YES;
				ONLY_ACTIVE_ARCH = YES;
				SDKROOT = iphoneos;
				SWIFT_OPTIMIZATION_LEVEL = "-Onone";
				TARGETED_DEVICE_FAMILY = "1,2";
			};
			name = Debug;
		};
		338C65031D052D500037B5FC /* Release */ = {
			isa = XCBuildConfiguration;
			buildSettings = {
				ALWAYS_SEARCH_USER_PATHS = NO;
				CLANG_ANALYZER_NONNULL = YES;
				CLANG_CXX_LANGUAGE_STANDARD = "gnu++0x";
				CLANG_CXX_LIBRARY = "libc++";
				CLANG_ENABLE_MODULES = YES;
				CLANG_ENABLE_OBJC_ARC = YES;
				CLANG_WARN_BOOL_CONVERSION = YES;
				CLANG_WARN_CONSTANT_CONVERSION = YES;
				CLANG_WARN_DIRECT_OBJC_ISA_USAGE = YES_ERROR;
				CLANG_WARN_EMPTY_BODY = YES;
				CLANG_WARN_ENUM_CONVERSION = YES;
				CLANG_WARN_INT_CONVERSION = YES;
				CLANG_WARN_OBJC_ROOT_CLASS = YES_ERROR;
				CLANG_WARN_UNREACHABLE_CODE = YES;
				CLANG_WARN__DUPLICATE_METHOD_MATCH = YES;
				"CODE_SIGN_IDENTITY[sdk=iphoneos*]" = "iPhone Developer";
				COPY_PHASE_STRIP = NO;
				DEBUG_INFORMATION_FORMAT = "dwarf-with-dsym";
				ENABLE_NS_ASSERTIONS = NO;
				ENABLE_STRICT_OBJC_MSGSEND = YES;
				GCC_C_LANGUAGE_STANDARD = gnu99;
				GCC_NO_COMMON_BLOCKS = YES;
				GCC_WARN_64_TO_32_BIT_CONVERSION = YES;
				GCC_WARN_ABOUT_RETURN_TYPE = YES_ERROR;
				GCC_WARN_UNDECLARED_SELECTOR = YES;
				GCC_WARN_UNINITIALIZED_AUTOS = YES_AGGRESSIVE;
				GCC_WARN_UNUSED_FUNCTION = YES;
				GCC_WARN_UNUSED_VARIABLE = YES;
				IPHONEOS_DEPLOYMENT_TARGET = 9.3;
				MTL_ENABLE_DEBUG_INFO = NO;
				SDKROOT = iphoneos;
				TARGETED_DEVICE_FAMILY = "1,2";
				VALIDATE_PRODUCT = YES;
			};
			name = Release;
		};
		338C65051D052D500037B5FC /* Debug */ = {
			isa = XCBuildConfiguration;
			buildSettings = {
				ASSETCATALOG_COMPILER_APPICON_NAME = AppIcon;
				INFOPLIST_FILE = "VideoPlayer-swift/Info.plist";
				LD_RUNPATH_SEARCH_PATHS = "$(inherited) @executable_path/Frameworks";
				PRODUCT_BUNDLE_IDENTIFIER = "com.cshan.VideoPlayer-swift";
				PRODUCT_NAME = "$(TARGET_NAME)";
			};
			name = Debug;
		};
		338C65061D052D500037B5FC /* Release */ = {
			isa = XCBuildConfiguration;
			buildSettings = {
				ASSETCATALOG_COMPILER_APPICON_NAME = AppIcon;
				INFOPLIST_FILE = "VideoPlayer-swift/Info.plist";
				LD_RUNPATH_SEARCH_PATHS = "$(inherited) @executable_path/Frameworks";
				PRODUCT_BUNDLE_IDENTIFIER = "com.cshan.VideoPlayer-swift";
				PRODUCT_NAME = "$(TARGET_NAME)";
			};
			name = Release;
		};
/* End XCBuildConfiguration section */

/* Begin XCConfigurationList section */
		338C64ED1D052D500037B5FC /* Build configuration list for PBXProject "VideoPlayer-swift" */ = {
			isa = XCConfigurationList;
			buildConfigurations = (
				338C65021D052D500037B5FC /* Debug */,
				338C65031D052D500037B5FC /* Release */,
			);
			defaultConfigurationIsVisible = 0;
			defaultConfigurationName = Release;
		};
		338C65041D052D500037B5FC /* Build configuration list for PBXNativeTarget "VideoPlayer-swift" */ = {
			isa = XCConfigurationList;
			buildConfigurations = (
				338C65051D052D500037B5FC /* Debug */,
				338C65061D052D500037B5FC /* Release */,
			);
			defaultConfigurationIsVisible = 0;
			defaultConfigurationName = Release;
		};
/* End XCConfigurationList section */
	};
	rootObject = 338C64EA1D052D500037B5FC /* Project object */;
}
